
Microsoft Visual Studio Solution File, Format Version 12.00
# Visual Studio Version 17
VisualStudioVersion = 17.6.33723.286
MinimumVisualStudioVersion = 10.0.40219.1
Project("{2150E333-8FDC-42A3-9474-1A3956D46DE8}") = "Application", "Application", "{9F52AE9D-4C6C-404A-8B39-57F99C5517D7}"
EndProject
Project("{2150E333-8FDC-42A3-9474-1A3956D46DE8}") = "Domain", "Domain", "{667391D9-0E5D-43B0-B845-95FD00AF2F5F}"
EndProject
Project("{2150E333-8FDC-42A3-9474-1A3956D46DE8}") = "Infraestructura", "Infraestructura", "{FCAE8B23-37E9-4246-8AB8-3D8319D1C2E8}"
EndProject
Project("{2150E333-8FDC-42A3-9474-1A3956D46DE8}") = "Services", "Services", "{C631F6ED-3408-4220-A071-066BAE5DF1E3}"
EndProject
Project("{2150E333-8FDC-42A3-9474-1A3956D46DE8}") = "Utilities", "Utilities", "{28DEB317-59A0-4C86-9E56-5498370381FB}"
EndProject
Project("{9A19103F-16F7-4668-BE54-9A1E7A4F7556}") = "Farmacia.Domain", "src\Farmacia.Domain\Farmacia.Domain.csproj", "{08C85D2E-D173-45AE-9016-E9525B6B7DA4}"
EndProject
Project("{9A19103F-16F7-4668-BE54-9A1E7A4F7556}") = "Farmacia.Infraestructura", "src\Farmacia.Infraestructura\Farmacia.Infraestructura.csproj", "{60E1A687-BD62-4D9B-90AC-86AA7FF6E5FF}"
EndProject
Project("{9A19103F-16F7-4668-BE54-9A1E7A4F7556}") = "Farmacia.Persistence", "src\Farmacia.Persistence\Farmacia.Persistence.csproj", "{C9CE5EC2-8972-4D76-844B-8C9D70586307}"
EndProject
Project("{9A19103F-16F7-4668-BE54-9A1E7A4F7556}") = "Farmacia.Application.Dtos", "src\Farmacia.Application.Dtos\Farmacia.Application.Dtos.csproj", "{C1279809-342F-461C-B8AF-F22093CC3AF2}"
EndProject
Project("{9A19103F-16F7-4668-BE54-9A1E7A4F7556}") = "Farmacia.Application.Interface", "src\Farmacia.Application.Interface\Farmacia.Application.Interface.csproj", "{F485C1A9-FAFC-4FC8-BBB3-C2ECEDB409F9}"
EndProject
Project("{9A19103F-16F7-4668-BE54-9A1E7A4F7556}") = "Farmacia.Application.UseCase", "src\Farmacia.Application.UseCase\Farmacia.Application.UseCase.csproj", "{CFEA09A0-9E6D-4678-B4CB-B4E3283F716E}"
EndProject
Project("{9A19103F-16F7-4668-BE54-9A1E7A4F7556}") = "Farmacia.API", "src\Farmacia.API\Farmacia.API.csproj", "{6E102AD4-1C5E-46D4-8C57-77E523B5045E}"
EndProject
Project("{9A19103F-16F7-4668-BE54-9A1E7A4F7556}") = "Farmacia.Utilities", "src\Farmacia.Utilities\Farmacia.Utilities.csproj", "{93FBECE5-7001-45AD-BD0F-25F7159F49A7}"
EndProject
Global
	GlobalSection(SolutionConfigurationPlatforms) = preSolution
		Debug|Any CPU = Debug|Any CPU
		Release|Any CPU = Release|Any CPU
	EndGlobalSection
	GlobalSection(ProjectConfigurationPlatforms) = postSolution
		{08C85D2E-D173-45AE-9016-E9525B6B7DA4}.Debug|Any CPU.ActiveCfg = Debug|Any CPU
		{08C85D2E-D173-45AE-9016-E9525B6B7DA4}.Debug|Any CPU.Build.0 = Debug|Any CPU
		{08C85D2E-D173-45AE-9016-E9525B6B7DA4}.Release|Any CPU.ActiveCfg = Release|Any CPU
		{08C85D2E-D173-45AE-9016-E9525B6B7DA4}.Release|Any CPU.Build.0 = Release|Any CPU
		{60E1A687-BD62-4D9B-90AC-86AA7FF6E5FF}.Debug|Any CPU.ActiveCfg = Debug|Any CPU
		{60E1A687-BD62-4D9B-90AC-86AA7FF6E5FF}.Debug|Any CPU.Build.0 = Debug|Any CPU
		{60E1A687-BD62-4D9B-90AC-86AA7FF6E5FF}.Release|Any CPU.ActiveCfg = Release|Any CPU
		{60E1A687-BD62-4D9B-90AC-86AA7FF6E5FF}.Release|Any CPU.Build.0 = Release|Any CPU
		{C9CE5EC2-8972-4D76-844B-8C9D70586307}.Debug|Any CPU.ActiveCfg = Debug|Any CPU
		{C9CE5EC2-8972-4D76-844B-8C9D70586307}.Debug|Any CPU.Build.0 = Debug|Any CPU
		{C9CE5EC2-8972-4D76-844B-8C9D70586307}.Release|Any CPU.ActiveCfg = Release|Any CPU
		{C9CE5EC2-8972-4D76-844B-8C9D70586307}.Release|Any CPU.Build.0 = Release|Any CPU
		{C1279809-342F-461C-B8AF-F22093CC3AF2}.Debug|Any CPU.ActiveCfg = Debug|Any CPU
		{C1279809-342F-461C-B8AF-F22093CC3AF2}.Debug|Any CPU.Build.0 = Debug|Any CPU
		{C1279809-342F-461C-B8AF-F22093CC3AF2}.Release|Any CPU.ActiveCfg = Release|Any CPU
		{C1279809-342F-461C-B8AF-F22093CC3AF2}.Release|Any CPU.Build.0 = Release|Any CPU
		{F485C1A9-FAFC-4FC8-BBB3-C2ECEDB409F9}.Debug|Any CPU.ActiveCfg = Debug|Any CPU
		{F485C1A9-FAFC-4FC8-BBB3-C2ECEDB409F9}.Debug|Any CPU.Build.0 = Debug|Any CPU
		{F485C1A9-FAFC-4FC8-BBB3-C2ECEDB409F9}.Release|Any CPU.ActiveCfg = Release|Any CPU
		{F485C1A9-FAFC-4FC8-BBB3-C2ECEDB409F9}.Release|Any CPU.Build.0 = Release|Any CPU
		{CFEA09A0-9E6D-4678-B4CB-B4E3283F716E}.Debug|Any CPU.ActiveCfg = Debug|Any CPU
		{CFEA09A0-9E6D-4678-B4CB-B4E3283F716E}.Debug|Any CPU.Build.0 = Debug|Any CPU
		{CFEA09A0-9E6D-4678-B4CB-B4E3283F716E}.Release|Any CPU.ActiveCfg = Release|Any CPU
		{CFEA09A0-9E6D-4678-B4CB-B4E3283F716E}.Release|Any CPU.Build.0 = Release|Any CPU
		{6E102AD4-1C5E-46D4-8C57-77E523B5045E}.Debug|Any CPU.ActiveCfg = Debug|Any CPU
		{6E102AD4-1C5E-46D4-8C57-77E523B5045E}.Debug|Any CPU.Build.0 = Debug|Any CPU
		{6E102AD4-1C5E-46D4-8C57-77E523B5045E}.Release|Any CPU.ActiveCfg = Release|Any CPU
		{6E102AD4-1C5E-46D4-8C57-77E523B5045E}.Release|Any CPU.Build.0 = Release|Any CPU
		{93FBECE5-7001-45AD-BD0F-25F7159F49A7}.Debug|Any CPU.ActiveCfg = Debug|Any CPU
		{93FBECE5-7001-45AD-BD0F-25F7159F49A7}.Debug|Any CPU.Build.0 = Debug|Any CPU
		{93FBECE5-7001-45AD-BD0F-25F7159F49A7}.Release|Any CPU.ActiveCfg = Release|Any CPU
		{93FBECE5-7001-45AD-BD0F-25F7159F49A7}.Release|Any CPU.Build.0 = Release|Any CPU
	EndGlobalSection
	GlobalSection(SolutionProperties) = preSolution
		HideSolutionNode = FALSE
	EndGlobalSection
	GlobalSection(NestedProjects) = preSolution
		{08C85D2E-D173-45AE-9016-E9525B6B7DA4} = {667391D9-0E5D-43B0-B845-95FD00AF2F5F}
		{60E1A687-BD62-4D9B-90AC-86AA7FF6E5FF} = {FCAE8B23-37E9-4246-8AB8-3D8319D1C2E8}
		{C9CE5EC2-8972-4D76-844B-8C9D70586307} = {FCAE8B23-37E9-4246-8AB8-3D8319D1C2E8}
		{C1279809-342F-461C-B8AF-F22093CC3AF2} = {9F52AE9D-4C6C-404A-8B39-57F99C5517D7}
		{F485C1A9-FAFC-4FC8-BBB3-C2ECEDB409F9} = {9F52AE9D-4C6C-404A-8B39-57F99C5517D7}
		{CFEA09A0-9E6D-4678-B4CB-B4E3283F716E} = {9F52AE9D-4C6C-404A-8B39-57F99C5517D7}
		{6E102AD4-1C5E-46D4-8C57-77E523B5045E} = {C631F6ED-3408-4220-A071-066BAE5DF1E3}
		{93FBECE5-7001-45AD-BD0F-25F7159F49A7} = {28DEB317-59A0-4C86-9E56-5498370381FB}
	EndGlobalSection
	GlobalSection(ExtensibilityGlobals) = postSolution
		SolutionGuid = {EE24987F-88A0-4507-87AC-FAFD5E9E54AE}
	EndGlobalSection
EndGlobal
